
Microsoft Visual Studio Solution File, Format Version 12.00
# Visual Studio 15
VisualStudioVersion = 15.0.28307.489
MinimumVisualStudioVersion = 10.0.40219.1
Project("{FAE04EC0-301F-11D3-BF4B-00C04F79EFBC}") = "ConsoleApp1", "ConsoleApp1\ConsoleApp1.csproj", "{FD2AA25E-43A0-4120-BCAA-7060A2F5A12F}"
EndProject
Global
	GlobalSection(SolutionConfigurationPlatforms) = preSolution
		Debug|Any CPU = Debug|Any CPU
		Release|Any CPU = Release|Any CPU
	EndGlobalSection
	GlobalSection(ProjectConfigurationPlatforms) = postSolution
		{FD2AA25E-43A0-4120-BCAA-7060A2F5A12F}.Debug|Any CPU.ActiveCfg = Debug|Any CPU
		{FD2AA25E-43A0-4120-BCAA-7060A2F5A12F}.Debug|Any CPU.Build.0 = Debug|Any CPU
		{FD2AA25E-43A0-4120-BCAA-7060A2F5A12F}.Release|Any CPU.ActiveCfg = Release|Any CPU
		{FD2AA25E-43A0-4120-BCAA-7060A2F5A12F}.Release|Any CPU.Build.0 = Release|Any CPU
	EndGlobalSection
	GlobalSection(SolutionProperties) = preSolution
		HideSolutionNode = FALSE
	EndGlobalSection
	GlobalSection(ExtensibilityGlobals) = postSolution
		SolutionGuid = {9D72740A-791B-496A-A301-D60BC019FAF2}
	EndGlobalSection
EndGlobal
