
Microsoft Visual Studio Solution File, Format Version 12.00
# Visual Studio 15
VisualStudioVersion = 15.0.28307.489
MinimumVisualStudioVersion = 10.0.40219.1
Project("{FAE04EC0-301F-11D3-BF4B-00C04F79EFBC}") = "ConsoleApp1", "ConsoleApp1\ConsoleApp1.csproj", "{FC58C4E4-B232-4BA2-A1C1-3F588B908C1D}"
EndProject
Global
	GlobalSection(SolutionConfigurationPlatforms) = preSolution
		Debug|Any CPU = Debug|Any CPU
		Release|Any CPU = Release|Any CPU
	EndGlobalSection
	GlobalSection(ProjectConfigurationPlatforms) = postSolution
		{FC58C4E4-B232-4BA2-A1C1-3F588B908C1D}.Debug|Any CPU.ActiveCfg = Debug|Any CPU
		{FC58C4E4-B232-4BA2-A1C1-3F588B908C1D}.Debug|Any CPU.Build.0 = Debug|Any CPU
		{FC58C4E4-B232-4BA2-A1C1-3F588B908C1D}.Release|Any CPU.ActiveCfg = Release|Any CPU
		{FC58C4E4-B232-4BA2-A1C1-3F588B908C1D}.Release|Any CPU.Build.0 = Release|Any CPU
	EndGlobalSection
	GlobalSection(SolutionProperties) = preSolution
		HideSolutionNode = FALSE
	EndGlobalSection
	GlobalSection(ExtensibilityGlobals) = postSolution
		SolutionGuid = {B225C0D5-0F81-41C1-B033-9217D40F6B2E}
	EndGlobalSection
EndGlobal
