
Microsoft Visual Studio Solution File, Format Version 12.00
# Visual Studio 15
VisualStudioVersion = 15.0.28307.489
MinimumVisualStudioVersion = 10.0.40219.1
Project("{FAE04EC0-301F-11D3-BF4B-00C04F79EFBC}") = "ConsoleApp1", "ConsoleApp1\ConsoleApp1.csproj", "{8CCAE3F9-CFBD-4FC4-85B5-368A9B0ABE26}"
EndProject
Global
	GlobalSection(SolutionConfigurationPlatforms) = preSolution
		Debug|Any CPU = Debug|Any CPU
		Release|Any CPU = Release|Any CPU
	EndGlobalSection
	GlobalSection(ProjectConfigurationPlatforms) = postSolution
		{8CCAE3F9-CFBD-4FC4-85B5-368A9B0ABE26}.Debug|Any CPU.ActiveCfg = Debug|Any CPU
		{8CCAE3F9-CFBD-4FC4-85B5-368A9B0ABE26}.Debug|Any CPU.Build.0 = Debug|Any CPU
		{8CCAE3F9-CFBD-4FC4-85B5-368A9B0ABE26}.Release|Any CPU.ActiveCfg = Release|Any CPU
		{8CCAE3F9-CFBD-4FC4-85B5-368A9B0ABE26}.Release|Any CPU.Build.0 = Release|Any CPU
	EndGlobalSection
	GlobalSection(SolutionProperties) = preSolution
		HideSolutionNode = FALSE
	EndGlobalSection
	GlobalSection(ExtensibilityGlobals) = postSolution
		SolutionGuid = {281A346C-4E1B-4669-B741-CFC3467C0B87}
	EndGlobalSection
EndGlobal
