
Microsoft Visual Studio Solution File, Format Version 12.00
# Visual Studio 15
VisualStudioVersion = 15.0.28307.489
MinimumVisualStudioVersion = 10.0.40219.1
Project("{FAE04EC0-301F-11D3-BF4B-00C04F79EFBC}") = "MaximumContiguousSum", "MaximumContiguousSum\MaximumContiguousSum.csproj", "{ED72212E-0F0A-492E-BE4A-075D6305B711}"
EndProject
Global
	GlobalSection(SolutionConfigurationPlatforms) = preSolution
		Debug|Any CPU = Debug|Any CPU
		Release|Any CPU = Release|Any CPU
	EndGlobalSection
	GlobalSection(ProjectConfigurationPlatforms) = postSolution
		{ED72212E-0F0A-492E-BE4A-075D6305B711}.Debug|Any CPU.ActiveCfg = Debug|Any CPU
		{ED72212E-0F0A-492E-BE4A-075D6305B711}.Debug|Any CPU.Build.0 = Debug|Any CPU
		{ED72212E-0F0A-492E-BE4A-075D6305B711}.Release|Any CPU.ActiveCfg = Release|Any CPU
		{ED72212E-0F0A-492E-BE4A-075D6305B711}.Release|Any CPU.Build.0 = Release|Any CPU
	EndGlobalSection
	GlobalSection(SolutionProperties) = preSolution
		HideSolutionNode = FALSE
	EndGlobalSection
	GlobalSection(ExtensibilityGlobals) = postSolution
		SolutionGuid = {474615B1-D1BC-492C-B5D6-D97FCDA07F4F}
	EndGlobalSection
EndGlobal
